
Microsoft Visual Studio Solution File, Format Version 12.00
# Visual Studio 15
VisualStudioVersion = 15.0.25807.0
MinimumVisualStudioVersion = 10.0.40219.1
Project("{2150E333-8FDC-42A3-9474-1A3956D46DE8}") = "Engine", "Engine", "{9FFA5A50-F898-4478-BC9B-3354FAF6FE30}"
EndProject
Project("{2150E333-8FDC-42A3-9474-1A3956D46DE8}") = "Games", "Games", "{59A48DFA-1FDA-4113-898A-A727E785E7DE}"
EndProject
Project("{8BC9CEB8-8B4A-11D0-8D11-00A0C91BC942}") = "UE4", "Intermediate\ProjectFiles\UE4.vcxproj", "{FFACAE7A-15E6-41F5-BF92-CB64B7C2C9DF}"
EndProject
Project("{8BC9CEB8-8B4A-11D0-8D11-00A0C91BC942}") = "ArenaBattle", "Intermediate\ProjectFiles\ArenaBattle.vcxproj", "{079356BF-CAC2-4A41-AB56-56BC77F39C51}"
EndProject
Global
	GlobalSection(SolutionConfigurationPlatforms) = preSolution
		DebugGame Editor|HTML5 = DebugGame Editor|HTML5
		DebugGame Editor|Win32 = DebugGame Editor|Win32
		DebugGame Editor|Win64 = DebugGame Editor|Win64
		DebugGame|HTML5 = DebugGame|HTML5
		DebugGame|Win32 = DebugGame|Win32
		DebugGame|Win64 = DebugGame|Win64
		Development Editor|HTML5 = Development Editor|HTML5
		Development Editor|Win32 = Development Editor|Win32
		Development Editor|Win64 = Development Editor|Win64
		Development|HTML5 = Development|HTML5
		Development|Win32 = Development|Win32
		Development|Win64 = Development|Win64
		Shipping|HTML5 = Shipping|HTML5
		Shipping|Win32 = Shipping|Win32
		Shipping|Win64 = Shipping|Win64
	EndGlobalSection
	GlobalSection(ProjectConfigurationPlatforms) = postSolution
		{FFACAE7A-15E6-41F5-BF92-CB64B7C2C9DF}.DebugGame Editor|HTML5.ActiveCfg = BuiltWithUnrealBuildTool|Win32
		{FFACAE7A-15E6-41F5-BF92-CB64B7C2C9DF}.DebugGame Editor|HTML5.Build.0 = BuiltWithUnrealBuildTool|Win32
		{FFACAE7A-15E6-41F5-BF92-CB64B7C2C9DF}.DebugGame Editor|Win32.ActiveCfg = BuiltWithUnrealBuildTool|Win32
		{FFACAE7A-15E6-41F5-BF92-CB64B7C2C9DF}.DebugGame Editor|Win32.Build.0 = BuiltWithUnrealBuildTool|Win32
		{FFACAE7A-15E6-41F5-BF92-CB64B7C2C9DF}.DebugGame Editor|Win64.ActiveCfg = BuiltWithUnrealBuildTool|Win32
		{FFACAE7A-15E6-41F5-BF92-CB64B7C2C9DF}.DebugGame Editor|Win64.Build.0 = BuiltWithUnrealBuildTool|Win32
		{FFACAE7A-15E6-41F5-BF92-CB64B7C2C9DF}.DebugGame|HTML5.ActiveCfg = BuiltWithUnrealBuildTool|Win32
		{FFACAE7A-15E6-41F5-BF92-CB64B7C2C9DF}.DebugGame|HTML5.Build.0 = BuiltWithUnrealBuildTool|Win32
		{FFACAE7A-15E6-41F5-BF92-CB64B7C2C9DF}.DebugGame|Win32.ActiveCfg = BuiltWithUnrealBuildTool|Win32
		{FFACAE7A-15E6-41F5-BF92-CB64B7C2C9DF}.DebugGame|Win32.Build.0 = BuiltWithUnrealBuildTool|Win32
		{FFACAE7A-15E6-41F5-BF92-CB64B7C2C9DF}.DebugGame|Win64.ActiveCfg = BuiltWithUnrealBuildTool|Win32
		{FFACAE7A-15E6-41F5-BF92-CB64B7C2C9DF}.DebugGame|Win64.Build.0 = BuiltWithUnrealBuildTool|Win32
		{FFACAE7A-15E6-41F5-BF92-CB64B7C2C9DF}.Development Editor|HTML5.ActiveCfg = BuiltWithUnrealBuildTool|Win32
		{FFACAE7A-15E6-41F5-BF92-CB64B7C2C9DF}.Development Editor|HTML5.Build.0 = BuiltWithUnrealBuildTool|Win32
		{FFACAE7A-15E6-41F5-BF92-CB64B7C2C9DF}.Development Editor|Win32.ActiveCfg = BuiltWithUnrealBuildTool|Win32
		{FFACAE7A-15E6-41F5-BF92-CB64B7C2C9DF}.Development Editor|Win32.Build.0 = BuiltWithUnrealBuildTool|Win32
		{FFACAE7A-15E6-41F5-BF92-CB64B7C2C9DF}.Development Editor|Win64.ActiveCfg = BuiltWithUnrealBuildTool|Win32
		{FFACAE7A-15E6-41F5-BF92-CB64B7C2C9DF}.Development Editor|Win64.Build.0 = BuiltWithUnrealBuildTool|Win32
		{FFACAE7A-15E6-41F5-BF92-CB64B7C2C9DF}.Development|HTML5.ActiveCfg = BuiltWithUnrealBuildTool|Win32
		{FFACAE7A-15E6-41F5-BF92-CB64B7C2C9DF}.Development|HTML5.Build.0 = BuiltWithUnrealBuildTool|Win32
		{FFACAE7A-15E6-41F5-BF92-CB64B7C2C9DF}.Development|Win32.ActiveCfg = BuiltWithUnrealBuildTool|Win32
		{FFACAE7A-15E6-41F5-BF92-CB64B7C2C9DF}.Development|Win32.Build.0 = BuiltWithUnrealBuildTool|Win32
		{FFACAE7A-15E6-41F5-BF92-CB64B7C2C9DF}.Development|Win64.ActiveCfg = BuiltWithUnrealBuildTool|Win32
		{FFACAE7A-15E6-41F5-BF92-CB64B7C2C9DF}.Development|Win64.Build.0 = BuiltWithUnrealBuildTool|Win32
		{FFACAE7A-15E6-41F5-BF92-CB64B7C2C9DF}.Shipping|HTML5.ActiveCfg = BuiltWithUnrealBuildTool|Win32
		{FFACAE7A-15E6-41F5-BF92-CB64B7C2C9DF}.Shipping|HTML5.Build.0 = BuiltWithUnrealBuildTool|Win32
		{FFACAE7A-15E6-41F5-BF92-CB64B7C2C9DF}.Shipping|Win32.ActiveCfg = BuiltWithUnrealBuildTool|Win32
		{FFACAE7A-15E6-41F5-BF92-CB64B7C2C9DF}.Shipping|Win32.Build.0 = BuiltWithUnrealBuildTool|Win32
		{FFACAE7A-15E6-41F5-BF92-CB64B7C2C9DF}.Shipping|Win64.ActiveCfg = BuiltWithUnrealBuildTool|Win32
		{FFACAE7A-15E6-41F5-BF92-CB64B7C2C9DF}.Shipping|Win64.Build.0 = BuiltWithUnrealBuildTool|Win32
		{079356BF-CAC2-4A41-AB56-56BC77F39C51}.DebugGame Editor|HTML5.ActiveCfg = HTML5_DebugGame_Editor|Win32
		{079356BF-CAC2-4A41-AB56-56BC77F39C51}.DebugGame Editor|Win32.ActiveCfg = DebugGame_Editor|Win32
		{079356BF-CAC2-4A41-AB56-56BC77F39C51}.DebugGame Editor|Win64.ActiveCfg = DebugGame_Editor|x64
		{079356BF-CAC2-4A41-AB56-56BC77F39C51}.DebugGame Editor|Win64.Build.0 = DebugGame_Editor|x64
		{079356BF-CAC2-4A41-AB56-56BC77F39C51}.DebugGame|HTML5.ActiveCfg = HTML5_DebugGame_Game|Win32
		{079356BF-CAC2-4A41-AB56-56BC77F39C51}.DebugGame|HTML5.Build.0 = HTML5_DebugGame_Game|Win32
		{079356BF-CAC2-4A41-AB56-56BC77F39C51}.DebugGame|Win32.ActiveCfg = DebugGame_Game|Win32
		{079356BF-CAC2-4A41-AB56-56BC77F39C51}.DebugGame|Win32.Build.0 = DebugGame_Game|Win32
		{079356BF-CAC2-4A41-AB56-56BC77F39C51}.DebugGame|Win64.ActiveCfg = DebugGame_Game|x64
		{079356BF-CAC2-4A41-AB56-56BC77F39C51}.DebugGame|Win64.Build.0 = DebugGame_Game|x64
		{079356BF-CAC2-4A41-AB56-56BC77F39C51}.Development Editor|HTML5.ActiveCfg = HTML5_Development_Editor|Win32
		{079356BF-CAC2-4A41-AB56-56BC77F39C51}.Development Editor|Win32.ActiveCfg = Development_Editor|Win32
		{079356BF-CAC2-4A41-AB56-56BC77F39C51}.Development Editor|Win64.ActiveCfg = Development_Editor|x64
		{079356BF-CAC2-4A41-AB56-56BC77F39C51}.Development Editor|Win64.Build.0 = Development_Editor|x64
		{079356BF-CAC2-4A41-AB56-56BC77F39C51}.Development|HTML5.ActiveCfg = HTML5_Development_Game|Win32
		{079356BF-CAC2-4A41-AB56-56BC77F39C51}.Development|HTML5.Build.0 = HTML5_Development_Game|Win32
		{079356BF-CAC2-4A41-AB56-56BC77F39C51}.Development|Win32.ActiveCfg = Development_Game|Win32
		{079356BF-CAC2-4A41-AB56-56BC77F39C51}.Development|Win32.Build.0 = Development_Game|Win32
		{079356BF-CAC2-4A41-AB56-56BC77F39C51}.Development|Win64.ActiveCfg = Development_Game|x64
		{079356BF-CAC2-4A41-AB56-56BC77F39C51}.Development|Win64.Build.0 = Development_Game|x64
		{079356BF-CAC2-4A41-AB56-56BC77F39C51}.Shipping|HTML5.ActiveCfg = HTML5_Shipping_Game|Win32
		{079356BF-CAC2-4A41-AB56-56BC77F39C51}.Shipping|HTML5.Build.0 = HTML5_Shipping_Game|Win32
		{079356BF-CAC2-4A41-AB56-56BC77F39C51}.Shipping|Win32.ActiveCfg = Shipping_Game|Win32
		{079356BF-CAC2-4A41-AB56-56BC77F39C51}.Shipping|Win32.Build.0 = Shipping_Game|Win32
		{079356BF-CAC2-4A41-AB56-56BC77F39C51}.Shipping|Win64.ActiveCfg = Shipping_Game|x64
		{079356BF-CAC2-4A41-AB56-56BC77F39C51}.Shipping|Win64.Build.0 = Shipping_Game|x64
	EndGlobalSection
	GlobalSection(SolutionProperties) = preSolution
		HideSolutionNode = FALSE
	EndGlobalSection
	GlobalSection(NestedProjects) = preSolution
		{FFACAE7A-15E6-41F5-BF92-CB64B7C2C9DF} = {9FFA5A50-F898-4478-BC9B-3354FAF6FE30}
		{079356BF-CAC2-4A41-AB56-56BC77F39C51} = {59A48DFA-1FDA-4113-898A-A727E785E7DE}
	EndGlobalSection
	GlobalSection(ExtensibilityGlobals) = postSolution
		SolutionGuid = {D323ADDD-E0E1-4703-A006-C588F1EF6B43}
	EndGlobalSection
EndGlobal
